
Microsoft Visual Studio Solution File, Format Version 12.00
# Visual Studio Version 17
VisualStudioVersion = 17.8.34330.188
MinimumVisualStudioVersion = 10.0.40219.1
Project("{9A19103F-16F7-4668-BE54-9A1E7A4F7556}") = "Primera_Clase", "Primera_Clase\Primera_Clase.csproj", "{B4F4C2B9-5155-4E19-9DBC-BE0B152F409D}"
EndProject
Project("{9A19103F-16F7-4668-BE54-9A1E7A4F7556}") = "RepasoCondicionales", "RepasoCondicionales\RepasoCondicionales.csproj", "{6ADE9F05-CD42-4D14-8BD0-94609FBAF88A}"
EndProject
Project("{9A19103F-16F7-4668-BE54-9A1E7A4F7556}") = "Ejercicio 1", "Ejercicio 1\Ejercicio 1.csproj", "{E2A344EF-EFB6-467C-8B7C-E9C24109B814}"
EndProject
Project("{9A19103F-16F7-4668-BE54-9A1E7A4F7556}") = "Ejercicio 2", "Ejercicio 2\Ejercicio 2.csproj", "{54C75F17-541C-4118-9851-13F738A40478}"
EndProject
Project("{9A19103F-16F7-4668-BE54-9A1E7A4F7556}") = "Ejercicio 3", "Ejercicio 3\Ejercicio 3.csproj", "{7450C1BE-72DC-4F4D-B64E-532EE2575D84}"
EndProject
Project("{9A19103F-16F7-4668-BE54-9A1E7A4F7556}") = "Ejercicio 4", "Ejercicio 4\Ejercicio 4.csproj", "{EC9A5998-2A1E-4256-B72D-58F30303D207}"
EndProject
Project("{9A19103F-16F7-4668-BE54-9A1E7A4F7556}") = "Ejercicio 5", "Ejercicio 5\Ejercicio 5.csproj", "{305C0E47-509D-4FD1-867A-0AF290485921}"
EndProject
Project("{9A19103F-16F7-4668-BE54-9A1E7A4F7556}") = "Ejercicio 6", "Ejercicio 6\Ejercicio 6.csproj", "{0B1F58F4-2D35-4DCE-BC42-5168947A9FEF}"
EndProject
Project("{9A19103F-16F7-4668-BE54-9A1E7A4F7556}") = "RepasoBucles", "RepasoBucles\RepasoBucles.csproj", "{F1BB4E1C-6686-4D6E-9F07-D96FDA777028}"
EndProject
Project("{9A19103F-16F7-4668-BE54-9A1E7A4F7556}") = "Ejercicio 7 (repetitivas)", "Ejercicio 7 (repetitivas)\Ejercicio 7 (repetitivas).csproj", "{E44033BD-928F-4225-9511-0F8E687570FD}"
EndProject
Project("{9A19103F-16F7-4668-BE54-9A1E7A4F7556}") = "Ejercicio 4 con Loop", "Ejercicio 4 con Loop\Ejercicio 4 con Loop.csproj", "{F3690DBA-0E8E-4017-AA5B-2692F94D4194}"
EndProject
Project("{9A19103F-16F7-4668-BE54-9A1E7A4F7556}") = "StringsEjercicio1", "StringsEjercicio1\StringsEjercicio1.csproj", "{54BBDE09-53A2-4468-80F4-B0B9B8E88C3B}"
EndProject
Project("{9A19103F-16F7-4668-BE54-9A1E7A4F7556}") = "StringsEjercicio2", "StringsEjercicio2\StringsEjercicio2.csproj", "{C6B60418-3CF7-4474-8090-21731206AA85}"
EndProject
Project("{9A19103F-16F7-4668-BE54-9A1E7A4F7556}") = "StringsEjercicio3", "StringsEjercicio3\StringsEjercicio3.csproj", "{71334CE9-DFC5-429B-B983-7D54ECC7470A}"
EndProject
Project("{9A19103F-16F7-4668-BE54-9A1E7A4F7556}") = "ClaseArrays", "ClaseArrays\ClaseArrays.csproj", "{989D4734-63C2-4870-9D92-631C27310FA2}"
EndProject
Project("{9A19103F-16F7-4668-BE54-9A1E7A4F7556}") = "StringsEjercicio4", "StringEjercicio4\StringsEjercicio4.csproj", "{3D975107-CAFD-456B-92EB-937AD5B0638C}"
EndProject
Project("{9A19103F-16F7-4668-BE54-9A1E7A4F7556}") = "StringsEjercicio5", "StringsEjercicio5\StringsEjercicio5.csproj", "{3F038F50-B796-4A71-820D-ACEAA5AF3C87}"
EndProject
Project("{9A19103F-16F7-4668-BE54-9A1E7A4F7556}") = "Ejercicio 8 Switch", "Ejercicio 8 Switch\Ejercicio 8 Switch.csproj", "{71A746AE-55BE-49F3-ABB6-14BE53C5C159}"
EndProject
Project("{9A19103F-16F7-4668-BE54-9A1E7A4F7556}") = "Clase funcion - metodo", "Clase funcion - metodo\Clase funcion - metodo.csproj", "{163AD53A-270B-411E-AC2B-AED4A74D9D8B}"
EndProject
Project("{FAE04EC0-301F-11D3-BF4B-00C04F79EFBC}") = "FuncionesEjercicio1", "FuncionesEjercicio1\FuncionesEjercicio1.csproj", "{8327C6DA-9DBF-4FAB-BC48-7999FFEBAB2E}"
EndProject
Global
	GlobalSection(SolutionConfigurationPlatforms) = preSolution
		Debug|Any CPU = Debug|Any CPU
		Release|Any CPU = Release|Any CPU
	EndGlobalSection
	GlobalSection(ProjectConfigurationPlatforms) = postSolution
		{B4F4C2B9-5155-4E19-9DBC-BE0B152F409D}.Debug|Any CPU.ActiveCfg = Debug|Any CPU
		{B4F4C2B9-5155-4E19-9DBC-BE0B152F409D}.Debug|Any CPU.Build.0 = Debug|Any CPU
		{B4F4C2B9-5155-4E19-9DBC-BE0B152F409D}.Release|Any CPU.ActiveCfg = Release|Any CPU
		{B4F4C2B9-5155-4E19-9DBC-BE0B152F409D}.Release|Any CPU.Build.0 = Release|Any CPU
		{6ADE9F05-CD42-4D14-8BD0-94609FBAF88A}.Debug|Any CPU.ActiveCfg = Debug|Any CPU
		{6ADE9F05-CD42-4D14-8BD0-94609FBAF88A}.Debug|Any CPU.Build.0 = Debug|Any CPU
		{6ADE9F05-CD42-4D14-8BD0-94609FBAF88A}.Release|Any CPU.ActiveCfg = Release|Any CPU
		{6ADE9F05-CD42-4D14-8BD0-94609FBAF88A}.Release|Any CPU.Build.0 = Release|Any CPU
		{E2A344EF-EFB6-467C-8B7C-E9C24109B814}.Debug|Any CPU.ActiveCfg = Debug|Any CPU
		{E2A344EF-EFB6-467C-8B7C-E9C24109B814}.Debug|Any CPU.Build.0 = Debug|Any CPU
		{E2A344EF-EFB6-467C-8B7C-E9C24109B814}.Release|Any CPU.ActiveCfg = Release|Any CPU
		{E2A344EF-EFB6-467C-8B7C-E9C24109B814}.Release|Any CPU.Build.0 = Release|Any CPU
		{54C75F17-541C-4118-9851-13F738A40478}.Debug|Any CPU.ActiveCfg = Debug|Any CPU
		{54C75F17-541C-4118-9851-13F738A40478}.Debug|Any CPU.Build.0 = Debug|Any CPU
		{54C75F17-541C-4118-9851-13F738A40478}.Release|Any CPU.ActiveCfg = Release|Any CPU
		{54C75F17-541C-4118-9851-13F738A40478}.Release|Any CPU.Build.0 = Release|Any CPU
		{7450C1BE-72DC-4F4D-B64E-532EE2575D84}.Debug|Any CPU.ActiveCfg = Debug|Any CPU
		{7450C1BE-72DC-4F4D-B64E-532EE2575D84}.Debug|Any CPU.Build.0 = Debug|Any CPU
		{7450C1BE-72DC-4F4D-B64E-532EE2575D84}.Release|Any CPU.ActiveCfg = Release|Any CPU
		{7450C1BE-72DC-4F4D-B64E-532EE2575D84}.Release|Any CPU.Build.0 = Release|Any CPU
		{EC9A5998-2A1E-4256-B72D-58F30303D207}.Debug|Any CPU.ActiveCfg = Debug|Any CPU
		{EC9A5998-2A1E-4256-B72D-58F30303D207}.Debug|Any CPU.Build.0 = Debug|Any CPU
		{EC9A5998-2A1E-4256-B72D-58F30303D207}.Release|Any CPU.ActiveCfg = Release|Any CPU
		{EC9A5998-2A1E-4256-B72D-58F30303D207}.Release|Any CPU.Build.0 = Release|Any CPU
		{305C0E47-509D-4FD1-867A-0AF290485921}.Debug|Any CPU.ActiveCfg = Debug|Any CPU
		{305C0E47-509D-4FD1-867A-0AF290485921}.Debug|Any CPU.Build.0 = Debug|Any CPU
		{305C0E47-509D-4FD1-867A-0AF290485921}.Release|Any CPU.ActiveCfg = Release|Any CPU
		{305C0E47-509D-4FD1-867A-0AF290485921}.Release|Any CPU.Build.0 = Release|Any CPU
		{0B1F58F4-2D35-4DCE-BC42-5168947A9FEF}.Debug|Any CPU.ActiveCfg = Debug|Any CPU
		{0B1F58F4-2D35-4DCE-BC42-5168947A9FEF}.Debug|Any CPU.Build.0 = Debug|Any CPU
		{0B1F58F4-2D35-4DCE-BC42-5168947A9FEF}.Release|Any CPU.ActiveCfg = Release|Any CPU
		{0B1F58F4-2D35-4DCE-BC42-5168947A9FEF}.Release|Any CPU.Build.0 = Release|Any CPU
		{F1BB4E1C-6686-4D6E-9F07-D96FDA777028}.Debug|Any CPU.ActiveCfg = Debug|Any CPU
		{F1BB4E1C-6686-4D6E-9F07-D96FDA777028}.Debug|Any CPU.Build.0 = Debug|Any CPU
		{F1BB4E1C-6686-4D6E-9F07-D96FDA777028}.Release|Any CPU.ActiveCfg = Release|Any CPU
		{F1BB4E1C-6686-4D6E-9F07-D96FDA777028}.Release|Any CPU.Build.0 = Release|Any CPU
		{E44033BD-928F-4225-9511-0F8E687570FD}.Debug|Any CPU.ActiveCfg = Debug|Any CPU
		{E44033BD-928F-4225-9511-0F8E687570FD}.Debug|Any CPU.Build.0 = Debug|Any CPU
		{E44033BD-928F-4225-9511-0F8E687570FD}.Release|Any CPU.ActiveCfg = Release|Any CPU
		{E44033BD-928F-4225-9511-0F8E687570FD}.Release|Any CPU.Build.0 = Release|Any CPU
		{F3690DBA-0E8E-4017-AA5B-2692F94D4194}.Debug|Any CPU.ActiveCfg = Debug|Any CPU
		{F3690DBA-0E8E-4017-AA5B-2692F94D4194}.Debug|Any CPU.Build.0 = Debug|Any CPU
		{F3690DBA-0E8E-4017-AA5B-2692F94D4194}.Release|Any CPU.ActiveCfg = Release|Any CPU
		{F3690DBA-0E8E-4017-AA5B-2692F94D4194}.Release|Any CPU.Build.0 = Release|Any CPU
		{54BBDE09-53A2-4468-80F4-B0B9B8E88C3B}.Debug|Any CPU.ActiveCfg = Debug|Any CPU
		{54BBDE09-53A2-4468-80F4-B0B9B8E88C3B}.Debug|Any CPU.Build.0 = Debug|Any CPU
		{54BBDE09-53A2-4468-80F4-B0B9B8E88C3B}.Release|Any CPU.ActiveCfg = Release|Any CPU
		{54BBDE09-53A2-4468-80F4-B0B9B8E88C3B}.Release|Any CPU.Build.0 = Release|Any CPU
		{C6B60418-3CF7-4474-8090-21731206AA85}.Debug|Any CPU.ActiveCfg = Debug|Any CPU
		{C6B60418-3CF7-4474-8090-21731206AA85}.Debug|Any CPU.Build.0 = Debug|Any CPU
		{C6B60418-3CF7-4474-8090-21731206AA85}.Release|Any CPU.ActiveCfg = Release|Any CPU
		{C6B60418-3CF7-4474-8090-21731206AA85}.Release|Any CPU.Build.0 = Release|Any CPU
		{71334CE9-DFC5-429B-B983-7D54ECC7470A}.Debug|Any CPU.ActiveCfg = Debug|Any CPU
		{71334CE9-DFC5-429B-B983-7D54ECC7470A}.Debug|Any CPU.Build.0 = Debug|Any CPU
		{71334CE9-DFC5-429B-B983-7D54ECC7470A}.Release|Any CPU.ActiveCfg = Release|Any CPU
		{71334CE9-DFC5-429B-B983-7D54ECC7470A}.Release|Any CPU.Build.0 = Release|Any CPU
		{989D4734-63C2-4870-9D92-631C27310FA2}.Debug|Any CPU.ActiveCfg = Debug|Any CPU
		{989D4734-63C2-4870-9D92-631C27310FA2}.Debug|Any CPU.Build.0 = Debug|Any CPU
		{989D4734-63C2-4870-9D92-631C27310FA2}.Release|Any CPU.ActiveCfg = Release|Any CPU
		{989D4734-63C2-4870-9D92-631C27310FA2}.Release|Any CPU.Build.0 = Release|Any CPU
		{3D975107-CAFD-456B-92EB-937AD5B0638C}.Debug|Any CPU.ActiveCfg = Debug|Any CPU
		{3D975107-CAFD-456B-92EB-937AD5B0638C}.Debug|Any CPU.Build.0 = Debug|Any CPU
		{3D975107-CAFD-456B-92EB-937AD5B0638C}.Release|Any CPU.ActiveCfg = Release|Any CPU
		{3D975107-CAFD-456B-92EB-937AD5B0638C}.Release|Any CPU.Build.0 = Release|Any CPU
		{3F038F50-B796-4A71-820D-ACEAA5AF3C87}.Debug|Any CPU.ActiveCfg = Debug|Any CPU
		{3F038F50-B796-4A71-820D-ACEAA5AF3C87}.Debug|Any CPU.Build.0 = Debug|Any CPU
		{3F038F50-B796-4A71-820D-ACEAA5AF3C87}.Release|Any CPU.ActiveCfg = Release|Any CPU
		{3F038F50-B796-4A71-820D-ACEAA5AF3C87}.Release|Any CPU.Build.0 = Release|Any CPU
		{71A746AE-55BE-49F3-ABB6-14BE53C5C159}.Debug|Any CPU.ActiveCfg = Debug|Any CPU
		{71A746AE-55BE-49F3-ABB6-14BE53C5C159}.Debug|Any CPU.Build.0 = Debug|Any CPU
		{71A746AE-55BE-49F3-ABB6-14BE53C5C159}.Release|Any CPU.ActiveCfg = Release|Any CPU
		{71A746AE-55BE-49F3-ABB6-14BE53C5C159}.Release|Any CPU.Build.0 = Release|Any CPU
		{163AD53A-270B-411E-AC2B-AED4A74D9D8B}.Debug|Any CPU.ActiveCfg = Debug|Any CPU
		{163AD53A-270B-411E-AC2B-AED4A74D9D8B}.Debug|Any CPU.Build.0 = Debug|Any CPU
		{163AD53A-270B-411E-AC2B-AED4A74D9D8B}.Release|Any CPU.ActiveCfg = Release|Any CPU
		{163AD53A-270B-411E-AC2B-AED4A74D9D8B}.Release|Any CPU.Build.0 = Release|Any CPU
		{8327C6DA-9DBF-4FAB-BC48-7999FFEBAB2E}.Debug|Any CPU.ActiveCfg = Debug|Any CPU
		{8327C6DA-9DBF-4FAB-BC48-7999FFEBAB2E}.Debug|Any CPU.Build.0 = Debug|Any CPU
		{8327C6DA-9DBF-4FAB-BC48-7999FFEBAB2E}.Release|Any CPU.ActiveCfg = Release|Any CPU
		{8327C6DA-9DBF-4FAB-BC48-7999FFEBAB2E}.Release|Any CPU.Build.0 = Release|Any CPU
	EndGlobalSection
	GlobalSection(SolutionProperties) = preSolution
		HideSolutionNode = FALSE
	EndGlobalSection
	GlobalSection(ExtensibilityGlobals) = postSolution
		SolutionGuid = {8EA0F92C-6CBE-4176-8BF2-7816E7536B17}
	EndGlobalSection
EndGlobal
