
Microsoft Visual Studio Solution File, Format Version 12.00
# Visual Studio Version 17
VisualStudioVersion = 17.8.34330.188
MinimumVisualStudioVersion = 10.0.40219.1
Project("{9A19103F-16F7-4668-BE54-9A1E7A4F7556}") = "Primera_Clase", "Primera_Clase\Primera_Clase.csproj", "{B4F4C2B9-5155-4E19-9DBC-BE0B152F409D}"
EndProject
Project("{9A19103F-16F7-4668-BE54-9A1E7A4F7556}") = "RepasoCondicionales", "RepasoCondicionales\RepasoCondicionales.csproj", "{6ADE9F05-CD42-4D14-8BD0-94609FBAF88A}"
EndProject
Project("{9A19103F-16F7-4668-BE54-9A1E7A4F7556}") = "Ejercicio 1", "Ejercicio 1\Ejercicio 1.csproj", "{E2A344EF-EFB6-467C-8B7C-E9C24109B814}"
EndProject
Project("{9A19103F-16F7-4668-BE54-9A1E7A4F7556}") = "Ejercicio 2", "Ejercicio 2\Ejercicio 2.csproj", "{54C75F17-541C-4118-9851-13F738A40478}"
EndProject
Project("{9A19103F-16F7-4668-BE54-9A1E7A4F7556}") = "Ejercicio 3", "Ejercicio 3\Ejercicio 3.csproj", "{7450C1BE-72DC-4F4D-B64E-532EE2575D84}"
EndProject
Project("{9A19103F-16F7-4668-BE54-9A1E7A4F7556}") = "Ejercicio 4", "Ejercicio 4\Ejercicio 4.csproj", "{EC9A5998-2A1E-4256-B72D-58F30303D207}"
EndProject
Project("{9A19103F-16F7-4668-BE54-9A1E7A4F7556}") = "Ejercicio 5", "Ejercicio 5\Ejercicio 5.csproj", "{305C0E47-509D-4FD1-867A-0AF290485921}"
EndProject
Project("{9A19103F-16F7-4668-BE54-9A1E7A4F7556}") = "Ejercicio 6", "Ejercicio 6\Ejercicio 6.csproj", "{0B1F58F4-2D35-4DCE-BC42-5168947A9FEF}"
EndProject
Project("{9A19103F-16F7-4668-BE54-9A1E7A4F7556}") = "RepasoBucles", "RepasoBucles\RepasoBucles.csproj", "{F1BB4E1C-6686-4D6E-9F07-D96FDA777028}"
EndProject
Project("{9A19103F-16F7-4668-BE54-9A1E7A4F7556}") = "Ejercicio 7 (repetitivas)", "Ejercicio 7 (repetitivas)\Ejercicio 7 (repetitivas).csproj", "{E44033BD-928F-4225-9511-0F8E687570FD}"
EndProject
Project("{9A19103F-16F7-4668-BE54-9A1E7A4F7556}") = "Ejercicio 4 con Loop", "Ejercicio 4 con Loop\Ejercicio 4 con Loop.csproj", "{F3690DBA-0E8E-4017-AA5B-2692F94D4194}"
EndProject
Project("{9A19103F-16F7-4668-BE54-9A1E7A4F7556}") = "StringsEjercicio1", "StringsEjercicio1\StringsEjercicio1.csproj", "{54BBDE09-53A2-4468-80F4-B0B9B8E88C3B}"
EndProject
Project("{9A19103F-16F7-4668-BE54-9A1E7A4F7556}") = "StringsEjercicio2", "StringsEjercicio2\StringsEjercicio2.csproj", "{C6B60418-3CF7-4474-8090-21731206AA85}"
EndProject
Project("{9A19103F-16F7-4668-BE54-9A1E7A4F7556}") = "StringsEjercicio3", "StringsEjercicio3\StringsEjercicio3.csproj", "{71334CE9-DFC5-429B-B983-7D54ECC7470A}"
EndProject
Project("{9A19103F-16F7-4668-BE54-9A1E7A4F7556}") = "ClaseArrays", "ClaseArrays\ClaseArrays.csproj", "{989D4734-63C2-4870-9D92-631C27310FA2}"
EndProject
Project("{9A19103F-16F7-4668-BE54-9A1E7A4F7556}") = "StringsEjercicio4", "StringEjercicio4\StringsEjercicio4.csproj", "{3D975107-CAFD-456B-92EB-937AD5B0638C}"
EndProject
Project("{9A19103F-16F7-4668-BE54-9A1E7A4F7556}") = "StringsEjercicio5", "StringsEjercicio5\StringsEjercicio5.csproj", "{3F038F50-B796-4A71-820D-ACEAA5AF3C87}"
EndProject
Project("{9A19103F-16F7-4668-BE54-9A1E7A4F7556}") = "Ejercicio 8 Switch", "Ejercicio 8 Switch\Ejercicio 8 Switch.csproj", "{71A746AE-55BE-49F3-ABB6-14BE53C5C159}"
EndProject
Project("{9A19103F-16F7-4668-BE54-9A1E7A4F7556}") = "Clase funcion - metodo", "Clase funcion - metodo\Clase funcion - metodo.csproj", "{163AD53A-270B-411E-AC2B-AED4A74D9D8B}"
EndProject
Project("{9A19103F-16F7-4668-BE54-9A1E7A4F7556}") = "FuncionesEjercicio1", "FuncionesEjercicio1\FuncionesEjercicio1.csproj", "{8327C6DA-9DBF-4FAB-BC48-7999FFEBAB2E}"
EndProject
Project("{9A19103F-16F7-4668-BE54-9A1E7A4F7556}") = "FuncionesEjercicio2", "FucionesEjercicio2\FuncionesEjercicio2.csproj", "{AC53A880-3068-4D87-81F9-80E6247575EF}"
EndProject
Project("{2150E333-8FDC-42A3-9474-1A3956D46DE8}") = "Strings Ejercicios 1 - 5", "Strings Ejercicios 1 - 5", "{0037B172-E04C-4664-A959-0B4F1E11834E}"
EndProject
Project("{2150E333-8FDC-42A3-9474-1A3956D46DE8}") = "Ejercicios 1 - 8", "Ejercicios 1 - 8", "{5CFAF073-74FC-453B-8FD6-CE87A9451854}"
EndProject
Project("{9A19103F-16F7-4668-BE54-9A1E7A4F7556}") = "FuncionesEjercicio3", "FuncionesEjercicio3\FuncionesEjercicio3.csproj", "{BAA4C7D4-D8BA-463C-9BB7-ED5DB2B46A2F}"
EndProject
Project("{2150E333-8FDC-42A3-9474-1A3956D46DE8}") = "Funciones Ejercicio 1 - 3", "Funciones Ejercicio 1 - 3", "{E37C6ADE-4404-4260-9211-4CE54EF78D71}"
EndProject
Project("{9A19103F-16F7-4668-BE54-9A1E7A4F7556}") = "VectoresEjercicio1", "VectoresEjercicio1\VectoresEjercicio1.csproj", "{63149CA8-D772-47AD-87C3-A51D62B4DDAD}"
EndProject
Project("{2150E333-8FDC-42A3-9474-1A3956D46DE8}") = "Clases Lunes- Miercoles", "Clases Lunes- Miercoles", "{2320918A-6075-4D1A-B3FB-EE414D0AD5CC}"
EndProject
Project("{9A19103F-16F7-4668-BE54-9A1E7A4F7556}") = "VectoresEjercicio2", "VectoresEjercicio2\VectoresEjercicio2.csproj", "{49A5D054-EFEF-4FC6-84D7-5EAE115882CF}"
EndProject
Project("{9A19103F-16F7-4668-BE54-9A1E7A4F7556}") = "VectoresEjercicio3", "VectoresEjercicio3\VectoresEjercicio3.csproj", "{22A9315C-BC74-47F0-9F14-7CFD6CEA536A}"
EndProject
Project("{9A19103F-16F7-4668-BE54-9A1E7A4F7556}") = "VectoresEjercicio4", "VectoresEjercicio4\VectoresEjercicio4.csproj", "{2F8F5A16-ADF8-44E4-BAF8-3C37FF186D92}"
EndProject
Project("{2150E333-8FDC-42A3-9474-1A3956D46DE8}") = "Vectores Ejercicios 1 - 7", "Vectores Ejercicios 1 - 7", "{3B89F3EC-AFB6-4BA3-BABA-53E9DBF247CD}"
EndProject
Project("{9A19103F-16F7-4668-BE54-9A1E7A4F7556}") = "VectoresEjercicio5", "VectoresEjercicio5\VectoresEjercicio5.csproj", "{D734510B-0528-4FAC-8C10-985B60449EB8}"
EndProject
Project("{9A19103F-16F7-4668-BE54-9A1E7A4F7556}") = "VectoresEjercicio6", "VectoresEjercicio6\VectoresEjercicio6.csproj", "{2532CEC3-DE27-4E23-BE6A-BE87D891DB11}"
EndProject
Project("{9A19103F-16F7-4668-BE54-9A1E7A4F7556}") = "VectoresEjercicio7", "VectoresEjercicio7\VectoresEjercicio7.csproj", "{2D9F90EF-B06F-4B5A-914E-238B167065A2}"
EndProject
Project("{9A19103F-16F7-4668-BE54-9A1E7A4F7556}") = "VectoresEJ1 con FUNCIONES", "VectoresEJ1 con FUNCIONES\VectoresEJ1 con FUNCIONES.csproj", "{E3DCE1D2-F584-4887-A42B-6349E59C523F}"
EndProject
Project("{9A19103F-16F7-4668-BE54-9A1E7A4F7556}") = "VectoresEJ2 con FUNCIONES", "VectoresEJ2 con FUNCIONES\VectoresEJ2 con FUNCIONES.csproj", "{37324626-DF85-41A8-AFBC-CEE08AC5BB13}"
EndProject
Project("{9A19103F-16F7-4668-BE54-9A1E7A4F7556}") = "VectoresEJ3 con FUNCIONES", "VectoresEJ3 con FUNCIONES\VectoresEJ3 con FUNCIONES.csproj", "{789DE1F2-1E2C-4526-8153-EF0E4CFEAFB3}"
EndProject
Project("{2150E333-8FDC-42A3-9474-1A3956D46DE8}") = "Vectores con Funciones", "Vectores con Funciones", "{1C7537B0-B9FA-4747-9166-23B9B22FDB5F}"
EndProject
Project("{9A19103F-16F7-4668-BE54-9A1E7A4F7556}") = "Automoviles", "Automoviles\Automoviles.csproj", "{4A808D26-2347-4431-878B-97C855D0AB6A}"
EndProject
Project("{2150E333-8FDC-42A3-9474-1A3956D46DE8}") = "Clases POO", "Clases POO", "{B9344DC5-851F-4457-B20A-139A4B321A82}"
EndProject
Project("{9A19103F-16F7-4668-BE54-9A1E7A4F7556}") = "TesteoClaseAuto", "TesteoClaseAuto\TesteoClaseAuto.csproj", "{A5E0EBAE-096C-423F-BD11-C4401FF00364}"
EndProject
Project("{9A19103F-16F7-4668-BE54-9A1E7A4F7556}") = "TesteoGato", "TesteoGato\TesteoGato.csproj", "{D11195D5-6646-41CA-AA2E-543A83EF7898}"
EndProject
Project("{9A19103F-16F7-4668-BE54-9A1E7A4F7556}") = "LibreriaDeFunciones", "LibreriaDeFunciones\LibreriaDeFunciones.csproj", "{BF0E7546-20AC-401F-A491-7E749D03F8D3}"
EndProject
Project("{9A19103F-16F7-4668-BE54-9A1E7A4F7556}") = "ArrayConFuncionesEJ1", "Funcion3Practica\ArrayConFuncionesEJ1.csproj", "{17453F24-6100-42CA-8104-E6465C68EE27}"
EndProject
Project("{9A19103F-16F7-4668-BE54-9A1E7A4F7556}") = "ArrayConFuncionEJ2", "ArrayConFuncionEJ2\ArrayConFuncionEJ2.csproj", "{D09C0339-BA25-424D-AE8A-3E3EB5DC79A3}"
EndProject
Project("{9A19103F-16F7-4668-BE54-9A1E7A4F7556}") = "ArrayConFuncionEJ3", "ArrayConFuncionEJ3\ArrayConFuncionEJ3.csproj", "{F0193495-6C68-4F65-B7F6-462FF3582092}"
EndProject
Project("{2150E333-8FDC-42A3-9474-1A3956D46DE8}") = "Array Con Funciones", "Array Con Funciones", "{C32EA474-B974-48B3-9F9D-09EC47201CED}"
EndProject
Project("{9A19103F-16F7-4668-BE54-9A1E7A4F7556}") = "ArrayConFuncionEJ4", "ArrayConFuncionEJ4\ArrayConFuncionEJ4.csproj", "{0875C690-1943-44A8-A2E4-FF86AD9751FE}"
EndProject
Project("{9A19103F-16F7-4668-BE54-9A1E7A4F7556}") = "clase 15-4", "prueba\clase 15-4.csproj", "{F5133F9D-01ED-4B6D-B89E-1F6A20545DA1}"
EndProject
Project("{9A19103F-16F7-4668-BE54-9A1E7A4F7556}") = "LibreriaDePersonas", "LibreriaDePersonas\LibreriaDePersonas.csproj", "{30C9DA79-9591-424D-9DCF-CD24A452E1C2}"
EndProject
Project("{9A19103F-16F7-4668-BE54-9A1E7A4F7556}") = "TesteoDeEmpleados", "TesteoDeEmpleados\TesteoDeEmpleados.csproj", "{FFFC33B1-8E35-43DC-AE86-AF22C9281C6F}"
EndProject
Project("{9A19103F-16F7-4668-BE54-9A1E7A4F7556}") = "LibreriaDeRobots", "LibreriaDeRobots\LibreriaDeRobots.csproj", "{A4A3111B-9279-48ED-AD06-105D67F4A583}"
EndProject
Project("{9A19103F-16F7-4668-BE54-9A1E7A4F7556}") = "testeoDeRobots", "testeoDeRobots\testeoDeRobots.csproj", "{2D6CCA4F-10EC-45FE-97AA-390B8CB911F3}"
EndProject
Project("{9A19103F-16F7-4668-BE54-9A1E7A4F7556}") = "LibreriaDeCuentas", "LibreriaDeCuentas\LibreriaDeCuentas.csproj", "{1D2DAA82-7794-4207-9CE1-F22BAA9B2F39}"
EndProject
Project("{9A19103F-16F7-4668-BE54-9A1E7A4F7556}") = "testeoCuentas", "testeoCuentas\testeoCuentas.csproj", "{3C1C2C11-ABDF-46D7-862A-56D352184039}"
EndProject
Project("{9A19103F-16F7-4668-BE54-9A1E7A4F7556}") = "LibreriaDeEstudiantes", "LibreriaDeEstudiantes\LibreriaDeEstudiantes.csproj", "{5E3BC1FB-FCCB-4E5A-BF0F-920A70F0DC67}"
EndProject
Project("{9A19103F-16F7-4668-BE54-9A1E7A4F7556}") = "Estudiantes", "Estudiantes\Estudiantes.csproj", "{B1F9EF87-BC23-4E4D-8FB1-2EC987B5A6D2}"
EndProject
Project("{2150E333-8FDC-42A3-9474-1A3956D46DE8}") = "Librerias y testeos", "Librerias y testeos", "{73A5D209-B99F-4DA5-9697-2FE11A20FB68}"
EndProject
Project("{9A19103F-16F7-4668-BE54-9A1E7A4F7556}") = "LibreriaDePeliculas", "LibreriaDeBookStore\LibreriaDePeliculas.csproj", "{6B5E0AE3-02F8-4DE9-811D-58E2625B596A}"
EndProject
Project("{9A19103F-16F7-4668-BE54-9A1E7A4F7556}") = "Testeo_Cine", "Testeo_Cine\Testeo_Cine.csproj", "{6A7F162F-64D1-4675-8473-481B9641E38F}"
EndProject
Project("{9A19103F-16F7-4668-BE54-9A1E7A4F7556}") = "LibreriaDePokemon", "LibreriaDePokemon\LibreriaDePokemon.csproj", "{F7E8954F-A60F-4B68-A02B-9F94277D5BA2}"
EndProject
Project("{9A19103F-16F7-4668-BE54-9A1E7A4F7556}") = "Testeo_Cine2", "Testeo_Cine2\Testeo_Cine2.csproj", "{8AA56F0F-F7F2-497B-8FE8-19B9FD9AD40A}"
EndProject
Project("{9A19103F-16F7-4668-BE54-9A1E7A4F7556}") = "Testeo_Cine_Peliculas", "Testeo_Cine_Peliculas\Testeo_Cine_Peliculas.csproj", "{FE0D51A9-5DD5-4FF9-8551-C4E31A4A7E15}"
EndProject
Project("{9A19103F-16F7-4668-BE54-9A1E7A4F7556}") = "PrimerFormulario", "PrimerFormulario\PrimerFormulario.csproj", "{3B526A0D-9594-4159-B8E7-59928A64095E}"
EndProject
Project("{2150E333-8FDC-42A3-9474-1A3956D46DE8}") = "Librerias extras", "Librerias extras", "{2754E633-148F-4AF3-9722-0FAD8FCFC501}"
EndProject
Project("{9A19103F-16F7-4668-BE54-9A1E7A4F7556}") = "autoForms", "autoForms\autoForms.csproj", "{D5821978-885C-4D82-8446-9A21E782FB2F}"
EndProject
Project("{9A19103F-16F7-4668-BE54-9A1E7A4F7556}") = "Autos", "Autos\Autos.csproj", "{750C893B-DAFE-459C-B1D7-1A1B62BBC486}"
EndProject
Project("{FAE04EC0-301F-11D3-BF4B-00C04F79EFBC}") = "FormEstudiante", "FormEstudiante\FormEstudiante.csproj", "{C9CFFF58-886E-4E15-A7DB-AC469D5DF7D5}"
EndProject
Global
	GlobalSection(SolutionConfigurationPlatforms) = preSolution
		Debug|Any CPU = Debug|Any CPU
		Release|Any CPU = Release|Any CPU
	EndGlobalSection
	GlobalSection(ProjectConfigurationPlatforms) = postSolution
		{B4F4C2B9-5155-4E19-9DBC-BE0B152F409D}.Debug|Any CPU.ActiveCfg = Debug|Any CPU
		{B4F4C2B9-5155-4E19-9DBC-BE0B152F409D}.Debug|Any CPU.Build.0 = Debug|Any CPU
		{B4F4C2B9-5155-4E19-9DBC-BE0B152F409D}.Release|Any CPU.ActiveCfg = Release|Any CPU
		{B4F4C2B9-5155-4E19-9DBC-BE0B152F409D}.Release|Any CPU.Build.0 = Release|Any CPU
		{6ADE9F05-CD42-4D14-8BD0-94609FBAF88A}.Debug|Any CPU.ActiveCfg = Debug|Any CPU
		{6ADE9F05-CD42-4D14-8BD0-94609FBAF88A}.Debug|Any CPU.Build.0 = Debug|Any CPU
		{6ADE9F05-CD42-4D14-8BD0-94609FBAF88A}.Release|Any CPU.ActiveCfg = Release|Any CPU
		{6ADE9F05-CD42-4D14-8BD0-94609FBAF88A}.Release|Any CPU.Build.0 = Release|Any CPU
		{E2A344EF-EFB6-467C-8B7C-E9C24109B814}.Debug|Any CPU.ActiveCfg = Debug|Any CPU
		{E2A344EF-EFB6-467C-8B7C-E9C24109B814}.Debug|Any CPU.Build.0 = Debug|Any CPU
		{E2A344EF-EFB6-467C-8B7C-E9C24109B814}.Release|Any CPU.ActiveCfg = Release|Any CPU
		{E2A344EF-EFB6-467C-8B7C-E9C24109B814}.Release|Any CPU.Build.0 = Release|Any CPU
		{54C75F17-541C-4118-9851-13F738A40478}.Debug|Any CPU.ActiveCfg = Debug|Any CPU
		{54C75F17-541C-4118-9851-13F738A40478}.Debug|Any CPU.Build.0 = Debug|Any CPU
		{54C75F17-541C-4118-9851-13F738A40478}.Release|Any CPU.ActiveCfg = Release|Any CPU
		{54C75F17-541C-4118-9851-13F738A40478}.Release|Any CPU.Build.0 = Release|Any CPU
		{7450C1BE-72DC-4F4D-B64E-532EE2575D84}.Debug|Any CPU.ActiveCfg = Debug|Any CPU
		{7450C1BE-72DC-4F4D-B64E-532EE2575D84}.Debug|Any CPU.Build.0 = Debug|Any CPU
		{7450C1BE-72DC-4F4D-B64E-532EE2575D84}.Release|Any CPU.ActiveCfg = Release|Any CPU
		{7450C1BE-72DC-4F4D-B64E-532EE2575D84}.Release|Any CPU.Build.0 = Release|Any CPU
		{EC9A5998-2A1E-4256-B72D-58F30303D207}.Debug|Any CPU.ActiveCfg = Debug|Any CPU
		{EC9A5998-2A1E-4256-B72D-58F30303D207}.Debug|Any CPU.Build.0 = Debug|Any CPU
		{EC9A5998-2A1E-4256-B72D-58F30303D207}.Release|Any CPU.ActiveCfg = Release|Any CPU
		{EC9A5998-2A1E-4256-B72D-58F30303D207}.Release|Any CPU.Build.0 = Release|Any CPU
		{305C0E47-509D-4FD1-867A-0AF290485921}.Debug|Any CPU.ActiveCfg = Debug|Any CPU
		{305C0E47-509D-4FD1-867A-0AF290485921}.Debug|Any CPU.Build.0 = Debug|Any CPU
		{305C0E47-509D-4FD1-867A-0AF290485921}.Release|Any CPU.ActiveCfg = Release|Any CPU
		{305C0E47-509D-4FD1-867A-0AF290485921}.Release|Any CPU.Build.0 = Release|Any CPU
		{0B1F58F4-2D35-4DCE-BC42-5168947A9FEF}.Debug|Any CPU.ActiveCfg = Debug|Any CPU
		{0B1F58F4-2D35-4DCE-BC42-5168947A9FEF}.Debug|Any CPU.Build.0 = Debug|Any CPU
		{0B1F58F4-2D35-4DCE-BC42-5168947A9FEF}.Release|Any CPU.ActiveCfg = Release|Any CPU
		{0B1F58F4-2D35-4DCE-BC42-5168947A9FEF}.Release|Any CPU.Build.0 = Release|Any CPU
		{F1BB4E1C-6686-4D6E-9F07-D96FDA777028}.Debug|Any CPU.ActiveCfg = Debug|Any CPU
		{F1BB4E1C-6686-4D6E-9F07-D96FDA777028}.Debug|Any CPU.Build.0 = Debug|Any CPU
		{F1BB4E1C-6686-4D6E-9F07-D96FDA777028}.Release|Any CPU.ActiveCfg = Release|Any CPU
		{F1BB4E1C-6686-4D6E-9F07-D96FDA777028}.Release|Any CPU.Build.0 = Release|Any CPU
		{E44033BD-928F-4225-9511-0F8E687570FD}.Debug|Any CPU.ActiveCfg = Debug|Any CPU
		{E44033BD-928F-4225-9511-0F8E687570FD}.Debug|Any CPU.Build.0 = Debug|Any CPU
		{E44033BD-928F-4225-9511-0F8E687570FD}.Release|Any CPU.ActiveCfg = Release|Any CPU
		{E44033BD-928F-4225-9511-0F8E687570FD}.Release|Any CPU.Build.0 = Release|Any CPU
		{F3690DBA-0E8E-4017-AA5B-2692F94D4194}.Debug|Any CPU.ActiveCfg = Debug|Any CPU
		{F3690DBA-0E8E-4017-AA5B-2692F94D4194}.Debug|Any CPU.Build.0 = Debug|Any CPU
		{F3690DBA-0E8E-4017-AA5B-2692F94D4194}.Release|Any CPU.ActiveCfg = Release|Any CPU
		{F3690DBA-0E8E-4017-AA5B-2692F94D4194}.Release|Any CPU.Build.0 = Release|Any CPU
		{54BBDE09-53A2-4468-80F4-B0B9B8E88C3B}.Debug|Any CPU.ActiveCfg = Debug|Any CPU
		{54BBDE09-53A2-4468-80F4-B0B9B8E88C3B}.Debug|Any CPU.Build.0 = Debug|Any CPU
		{54BBDE09-53A2-4468-80F4-B0B9B8E88C3B}.Release|Any CPU.ActiveCfg = Release|Any CPU
		{54BBDE09-53A2-4468-80F4-B0B9B8E88C3B}.Release|Any CPU.Build.0 = Release|Any CPU
		{C6B60418-3CF7-4474-8090-21731206AA85}.Debug|Any CPU.ActiveCfg = Debug|Any CPU
		{C6B60418-3CF7-4474-8090-21731206AA85}.Debug|Any CPU.Build.0 = Debug|Any CPU
		{C6B60418-3CF7-4474-8090-21731206AA85}.Release|Any CPU.ActiveCfg = Release|Any CPU
		{C6B60418-3CF7-4474-8090-21731206AA85}.Release|Any CPU.Build.0 = Release|Any CPU
		{71334CE9-DFC5-429B-B983-7D54ECC7470A}.Debug|Any CPU.ActiveCfg = Debug|Any CPU
		{71334CE9-DFC5-429B-B983-7D54ECC7470A}.Debug|Any CPU.Build.0 = Debug|Any CPU
		{71334CE9-DFC5-429B-B983-7D54ECC7470A}.Release|Any CPU.ActiveCfg = Release|Any CPU
		{71334CE9-DFC5-429B-B983-7D54ECC7470A}.Release|Any CPU.Build.0 = Release|Any CPU
		{989D4734-63C2-4870-9D92-631C27310FA2}.Debug|Any CPU.ActiveCfg = Debug|Any CPU
		{989D4734-63C2-4870-9D92-631C27310FA2}.Debug|Any CPU.Build.0 = Debug|Any CPU
		{989D4734-63C2-4870-9D92-631C27310FA2}.Release|Any CPU.ActiveCfg = Release|Any CPU
		{989D4734-63C2-4870-9D92-631C27310FA2}.Release|Any CPU.Build.0 = Release|Any CPU
		{3D975107-CAFD-456B-92EB-937AD5B0638C}.Debug|Any CPU.ActiveCfg = Debug|Any CPU
		{3D975107-CAFD-456B-92EB-937AD5B0638C}.Debug|Any CPU.Build.0 = Debug|Any CPU
		{3D975107-CAFD-456B-92EB-937AD5B0638C}.Release|Any CPU.ActiveCfg = Release|Any CPU
		{3D975107-CAFD-456B-92EB-937AD5B0638C}.Release|Any CPU.Build.0 = Release|Any CPU
		{3F038F50-B796-4A71-820D-ACEAA5AF3C87}.Debug|Any CPU.ActiveCfg = Debug|Any CPU
		{3F038F50-B796-4A71-820D-ACEAA5AF3C87}.Debug|Any CPU.Build.0 = Debug|Any CPU
		{3F038F50-B796-4A71-820D-ACEAA5AF3C87}.Release|Any CPU.ActiveCfg = Release|Any CPU
		{3F038F50-B796-4A71-820D-ACEAA5AF3C87}.Release|Any CPU.Build.0 = Release|Any CPU
		{71A746AE-55BE-49F3-ABB6-14BE53C5C159}.Debug|Any CPU.ActiveCfg = Debug|Any CPU
		{71A746AE-55BE-49F3-ABB6-14BE53C5C159}.Debug|Any CPU.Build.0 = Debug|Any CPU
		{71A746AE-55BE-49F3-ABB6-14BE53C5C159}.Release|Any CPU.ActiveCfg = Release|Any CPU
		{71A746AE-55BE-49F3-ABB6-14BE53C5C159}.Release|Any CPU.Build.0 = Release|Any CPU
		{163AD53A-270B-411E-AC2B-AED4A74D9D8B}.Debug|Any CPU.ActiveCfg = Debug|Any CPU
		{163AD53A-270B-411E-AC2B-AED4A74D9D8B}.Debug|Any CPU.Build.0 = Debug|Any CPU
		{163AD53A-270B-411E-AC2B-AED4A74D9D8B}.Release|Any CPU.ActiveCfg = Release|Any CPU
		{163AD53A-270B-411E-AC2B-AED4A74D9D8B}.Release|Any CPU.Build.0 = Release|Any CPU
		{8327C6DA-9DBF-4FAB-BC48-7999FFEBAB2E}.Debug|Any CPU.ActiveCfg = Debug|Any CPU
		{8327C6DA-9DBF-4FAB-BC48-7999FFEBAB2E}.Debug|Any CPU.Build.0 = Debug|Any CPU
		{8327C6DA-9DBF-4FAB-BC48-7999FFEBAB2E}.Release|Any CPU.ActiveCfg = Release|Any CPU
		{8327C6DA-9DBF-4FAB-BC48-7999FFEBAB2E}.Release|Any CPU.Build.0 = Release|Any CPU
		{AC53A880-3068-4D87-81F9-80E6247575EF}.Debug|Any CPU.ActiveCfg = Debug|Any CPU
		{AC53A880-3068-4D87-81F9-80E6247575EF}.Debug|Any CPU.Build.0 = Debug|Any CPU
		{AC53A880-3068-4D87-81F9-80E6247575EF}.Release|Any CPU.ActiveCfg = Release|Any CPU
		{AC53A880-3068-4D87-81F9-80E6247575EF}.Release|Any CPU.Build.0 = Release|Any CPU
		{BAA4C7D4-D8BA-463C-9BB7-ED5DB2B46A2F}.Debug|Any CPU.ActiveCfg = Debug|Any CPU
		{BAA4C7D4-D8BA-463C-9BB7-ED5DB2B46A2F}.Debug|Any CPU.Build.0 = Debug|Any CPU
		{BAA4C7D4-D8BA-463C-9BB7-ED5DB2B46A2F}.Release|Any CPU.ActiveCfg = Release|Any CPU
		{BAA4C7D4-D8BA-463C-9BB7-ED5DB2B46A2F}.Release|Any CPU.Build.0 = Release|Any CPU
		{63149CA8-D772-47AD-87C3-A51D62B4DDAD}.Debug|Any CPU.ActiveCfg = Debug|Any CPU
		{63149CA8-D772-47AD-87C3-A51D62B4DDAD}.Debug|Any CPU.Build.0 = Debug|Any CPU
		{63149CA8-D772-47AD-87C3-A51D62B4DDAD}.Release|Any CPU.ActiveCfg = Release|Any CPU
		{63149CA8-D772-47AD-87C3-A51D62B4DDAD}.Release|Any CPU.Build.0 = Release|Any CPU
		{49A5D054-EFEF-4FC6-84D7-5EAE115882CF}.Debug|Any CPU.ActiveCfg = Debug|Any CPU
		{49A5D054-EFEF-4FC6-84D7-5EAE115882CF}.Debug|Any CPU.Build.0 = Debug|Any CPU
		{49A5D054-EFEF-4FC6-84D7-5EAE115882CF}.Release|Any CPU.ActiveCfg = Release|Any CPU
		{49A5D054-EFEF-4FC6-84D7-5EAE115882CF}.Release|Any CPU.Build.0 = Release|Any CPU
		{22A9315C-BC74-47F0-9F14-7CFD6CEA536A}.Debug|Any CPU.ActiveCfg = Debug|Any CPU
		{22A9315C-BC74-47F0-9F14-7CFD6CEA536A}.Debug|Any CPU.Build.0 = Debug|Any CPU
		{22A9315C-BC74-47F0-9F14-7CFD6CEA536A}.Release|Any CPU.ActiveCfg = Release|Any CPU
		{22A9315C-BC74-47F0-9F14-7CFD6CEA536A}.Release|Any CPU.Build.0 = Release|Any CPU
		{2F8F5A16-ADF8-44E4-BAF8-3C37FF186D92}.Debug|Any CPU.ActiveCfg = Debug|Any CPU
		{2F8F5A16-ADF8-44E4-BAF8-3C37FF186D92}.Debug|Any CPU.Build.0 = Debug|Any CPU
		{2F8F5A16-ADF8-44E4-BAF8-3C37FF186D92}.Release|Any CPU.ActiveCfg = Release|Any CPU
		{2F8F5A16-ADF8-44E4-BAF8-3C37FF186D92}.Release|Any CPU.Build.0 = Release|Any CPU
		{D734510B-0528-4FAC-8C10-985B60449EB8}.Debug|Any CPU.ActiveCfg = Debug|Any CPU
		{D734510B-0528-4FAC-8C10-985B60449EB8}.Debug|Any CPU.Build.0 = Debug|Any CPU
		{D734510B-0528-4FAC-8C10-985B60449EB8}.Release|Any CPU.ActiveCfg = Release|Any CPU
		{D734510B-0528-4FAC-8C10-985B60449EB8}.Release|Any CPU.Build.0 = Release|Any CPU
		{2532CEC3-DE27-4E23-BE6A-BE87D891DB11}.Debug|Any CPU.ActiveCfg = Debug|Any CPU
		{2532CEC3-DE27-4E23-BE6A-BE87D891DB11}.Debug|Any CPU.Build.0 = Debug|Any CPU
		{2532CEC3-DE27-4E23-BE6A-BE87D891DB11}.Release|Any CPU.ActiveCfg = Release|Any CPU
		{2532CEC3-DE27-4E23-BE6A-BE87D891DB11}.Release|Any CPU.Build.0 = Release|Any CPU
		{2D9F90EF-B06F-4B5A-914E-238B167065A2}.Debug|Any CPU.ActiveCfg = Debug|Any CPU
		{2D9F90EF-B06F-4B5A-914E-238B167065A2}.Debug|Any CPU.Build.0 = Debug|Any CPU
		{2D9F90EF-B06F-4B5A-914E-238B167065A2}.Release|Any CPU.ActiveCfg = Release|Any CPU
		{2D9F90EF-B06F-4B5A-914E-238B167065A2}.Release|Any CPU.Build.0 = Release|Any CPU
		{E3DCE1D2-F584-4887-A42B-6349E59C523F}.Debug|Any CPU.ActiveCfg = Debug|Any CPU
		{E3DCE1D2-F584-4887-A42B-6349E59C523F}.Debug|Any CPU.Build.0 = Debug|Any CPU
		{E3DCE1D2-F584-4887-A42B-6349E59C523F}.Release|Any CPU.ActiveCfg = Release|Any CPU
		{E3DCE1D2-F584-4887-A42B-6349E59C523F}.Release|Any CPU.Build.0 = Release|Any CPU
		{37324626-DF85-41A8-AFBC-CEE08AC5BB13}.Debug|Any CPU.ActiveCfg = Debug|Any CPU
		{37324626-DF85-41A8-AFBC-CEE08AC5BB13}.Debug|Any CPU.Build.0 = Debug|Any CPU
		{37324626-DF85-41A8-AFBC-CEE08AC5BB13}.Release|Any CPU.ActiveCfg = Release|Any CPU
		{37324626-DF85-41A8-AFBC-CEE08AC5BB13}.Release|Any CPU.Build.0 = Release|Any CPU
		{789DE1F2-1E2C-4526-8153-EF0E4CFEAFB3}.Debug|Any CPU.ActiveCfg = Debug|Any CPU
		{789DE1F2-1E2C-4526-8153-EF0E4CFEAFB3}.Debug|Any CPU.Build.0 = Debug|Any CPU
		{789DE1F2-1E2C-4526-8153-EF0E4CFEAFB3}.Release|Any CPU.ActiveCfg = Release|Any CPU
		{789DE1F2-1E2C-4526-8153-EF0E4CFEAFB3}.Release|Any CPU.Build.0 = Release|Any CPU
		{4A808D26-2347-4431-878B-97C855D0AB6A}.Debug|Any CPU.ActiveCfg = Debug|Any CPU
		{4A808D26-2347-4431-878B-97C855D0AB6A}.Debug|Any CPU.Build.0 = Debug|Any CPU
		{4A808D26-2347-4431-878B-97C855D0AB6A}.Release|Any CPU.ActiveCfg = Release|Any CPU
		{4A808D26-2347-4431-878B-97C855D0AB6A}.Release|Any CPU.Build.0 = Release|Any CPU
		{A5E0EBAE-096C-423F-BD11-C4401FF00364}.Debug|Any CPU.ActiveCfg = Debug|Any CPU
		{A5E0EBAE-096C-423F-BD11-C4401FF00364}.Debug|Any CPU.Build.0 = Debug|Any CPU
		{A5E0EBAE-096C-423F-BD11-C4401FF00364}.Release|Any CPU.ActiveCfg = Release|Any CPU
		{A5E0EBAE-096C-423F-BD11-C4401FF00364}.Release|Any CPU.Build.0 = Release|Any CPU
		{D11195D5-6646-41CA-AA2E-543A83EF7898}.Debug|Any CPU.ActiveCfg = Debug|Any CPU
		{D11195D5-6646-41CA-AA2E-543A83EF7898}.Debug|Any CPU.Build.0 = Debug|Any CPU
		{D11195D5-6646-41CA-AA2E-543A83EF7898}.Release|Any CPU.ActiveCfg = Release|Any CPU
		{D11195D5-6646-41CA-AA2E-543A83EF7898}.Release|Any CPU.Build.0 = Release|Any CPU
		{BF0E7546-20AC-401F-A491-7E749D03F8D3}.Debug|Any CPU.ActiveCfg = Debug|Any CPU
		{BF0E7546-20AC-401F-A491-7E749D03F8D3}.Debug|Any CPU.Build.0 = Debug|Any CPU
		{BF0E7546-20AC-401F-A491-7E749D03F8D3}.Release|Any CPU.ActiveCfg = Release|Any CPU
		{BF0E7546-20AC-401F-A491-7E749D03F8D3}.Release|Any CPU.Build.0 = Release|Any CPU
		{17453F24-6100-42CA-8104-E6465C68EE27}.Debug|Any CPU.ActiveCfg = Debug|Any CPU
		{17453F24-6100-42CA-8104-E6465C68EE27}.Debug|Any CPU.Build.0 = Debug|Any CPU
		{17453F24-6100-42CA-8104-E6465C68EE27}.Release|Any CPU.ActiveCfg = Release|Any CPU
		{17453F24-6100-42CA-8104-E6465C68EE27}.Release|Any CPU.Build.0 = Release|Any CPU
		{D09C0339-BA25-424D-AE8A-3E3EB5DC79A3}.Debug|Any CPU.ActiveCfg = Debug|Any CPU
		{D09C0339-BA25-424D-AE8A-3E3EB5DC79A3}.Debug|Any CPU.Build.0 = Debug|Any CPU
		{D09C0339-BA25-424D-AE8A-3E3EB5DC79A3}.Release|Any CPU.ActiveCfg = Release|Any CPU
		{D09C0339-BA25-424D-AE8A-3E3EB5DC79A3}.Release|Any CPU.Build.0 = Release|Any CPU
		{F0193495-6C68-4F65-B7F6-462FF3582092}.Debug|Any CPU.ActiveCfg = Debug|Any CPU
		{F0193495-6C68-4F65-B7F6-462FF3582092}.Debug|Any CPU.Build.0 = Debug|Any CPU
		{F0193495-6C68-4F65-B7F6-462FF3582092}.Release|Any CPU.ActiveCfg = Release|Any CPU
		{F0193495-6C68-4F65-B7F6-462FF3582092}.Release|Any CPU.Build.0 = Release|Any CPU
		{0875C690-1943-44A8-A2E4-FF86AD9751FE}.Debug|Any CPU.ActiveCfg = Debug|Any CPU
		{0875C690-1943-44A8-A2E4-FF86AD9751FE}.Debug|Any CPU.Build.0 = Debug|Any CPU
		{0875C690-1943-44A8-A2E4-FF86AD9751FE}.Release|Any CPU.ActiveCfg = Release|Any CPU
		{0875C690-1943-44A8-A2E4-FF86AD9751FE}.Release|Any CPU.Build.0 = Release|Any CPU
		{F5133F9D-01ED-4B6D-B89E-1F6A20545DA1}.Debug|Any CPU.ActiveCfg = Debug|Any CPU
		{F5133F9D-01ED-4B6D-B89E-1F6A20545DA1}.Debug|Any CPU.Build.0 = Debug|Any CPU
		{F5133F9D-01ED-4B6D-B89E-1F6A20545DA1}.Release|Any CPU.ActiveCfg = Release|Any CPU
		{F5133F9D-01ED-4B6D-B89E-1F6A20545DA1}.Release|Any CPU.Build.0 = Release|Any CPU
		{30C9DA79-9591-424D-9DCF-CD24A452E1C2}.Debug|Any CPU.ActiveCfg = Debug|Any CPU
		{30C9DA79-9591-424D-9DCF-CD24A452E1C2}.Debug|Any CPU.Build.0 = Debug|Any CPU
		{30C9DA79-9591-424D-9DCF-CD24A452E1C2}.Release|Any CPU.ActiveCfg = Release|Any CPU
		{30C9DA79-9591-424D-9DCF-CD24A452E1C2}.Release|Any CPU.Build.0 = Release|Any CPU
		{FFFC33B1-8E35-43DC-AE86-AF22C9281C6F}.Debug|Any CPU.ActiveCfg = Debug|Any CPU
		{FFFC33B1-8E35-43DC-AE86-AF22C9281C6F}.Debug|Any CPU.Build.0 = Debug|Any CPU
		{FFFC33B1-8E35-43DC-AE86-AF22C9281C6F}.Release|Any CPU.ActiveCfg = Release|Any CPU
		{FFFC33B1-8E35-43DC-AE86-AF22C9281C6F}.Release|Any CPU.Build.0 = Release|Any CPU
		{A4A3111B-9279-48ED-AD06-105D67F4A583}.Debug|Any CPU.ActiveCfg = Debug|Any CPU
		{A4A3111B-9279-48ED-AD06-105D67F4A583}.Debug|Any CPU.Build.0 = Debug|Any CPU
		{A4A3111B-9279-48ED-AD06-105D67F4A583}.Release|Any CPU.ActiveCfg = Release|Any CPU
		{A4A3111B-9279-48ED-AD06-105D67F4A583}.Release|Any CPU.Build.0 = Release|Any CPU
		{2D6CCA4F-10EC-45FE-97AA-390B8CB911F3}.Debug|Any CPU.ActiveCfg = Debug|Any CPU
		{2D6CCA4F-10EC-45FE-97AA-390B8CB911F3}.Debug|Any CPU.Build.0 = Debug|Any CPU
		{2D6CCA4F-10EC-45FE-97AA-390B8CB911F3}.Release|Any CPU.ActiveCfg = Release|Any CPU
		{2D6CCA4F-10EC-45FE-97AA-390B8CB911F3}.Release|Any CPU.Build.0 = Release|Any CPU
		{1D2DAA82-7794-4207-9CE1-F22BAA9B2F39}.Debug|Any CPU.ActiveCfg = Debug|Any CPU
		{1D2DAA82-7794-4207-9CE1-F22BAA9B2F39}.Debug|Any CPU.Build.0 = Debug|Any CPU
		{1D2DAA82-7794-4207-9CE1-F22BAA9B2F39}.Release|Any CPU.ActiveCfg = Release|Any CPU
		{1D2DAA82-7794-4207-9CE1-F22BAA9B2F39}.Release|Any CPU.Build.0 = Release|Any CPU
		{3C1C2C11-ABDF-46D7-862A-56D352184039}.Debug|Any CPU.ActiveCfg = Debug|Any CPU
		{3C1C2C11-ABDF-46D7-862A-56D352184039}.Debug|Any CPU.Build.0 = Debug|Any CPU
		{3C1C2C11-ABDF-46D7-862A-56D352184039}.Release|Any CPU.ActiveCfg = Release|Any CPU
		{3C1C2C11-ABDF-46D7-862A-56D352184039}.Release|Any CPU.Build.0 = Release|Any CPU
		{5E3BC1FB-FCCB-4E5A-BF0F-920A70F0DC67}.Debug|Any CPU.ActiveCfg = Debug|Any CPU
		{5E3BC1FB-FCCB-4E5A-BF0F-920A70F0DC67}.Debug|Any CPU.Build.0 = Debug|Any CPU
		{5E3BC1FB-FCCB-4E5A-BF0F-920A70F0DC67}.Release|Any CPU.ActiveCfg = Release|Any CPU
		{5E3BC1FB-FCCB-4E5A-BF0F-920A70F0DC67}.Release|Any CPU.Build.0 = Release|Any CPU
		{B1F9EF87-BC23-4E4D-8FB1-2EC987B5A6D2}.Debug|Any CPU.ActiveCfg = Debug|Any CPU
		{B1F9EF87-BC23-4E4D-8FB1-2EC987B5A6D2}.Debug|Any CPU.Build.0 = Debug|Any CPU
		{B1F9EF87-BC23-4E4D-8FB1-2EC987B5A6D2}.Release|Any CPU.ActiveCfg = Release|Any CPU
		{B1F9EF87-BC23-4E4D-8FB1-2EC987B5A6D2}.Release|Any CPU.Build.0 = Release|Any CPU
		{6B5E0AE3-02F8-4DE9-811D-58E2625B596A}.Debug|Any CPU.ActiveCfg = Debug|Any CPU
		{6B5E0AE3-02F8-4DE9-811D-58E2625B596A}.Debug|Any CPU.Build.0 = Debug|Any CPU
		{6B5E0AE3-02F8-4DE9-811D-58E2625B596A}.Release|Any CPU.ActiveCfg = Release|Any CPU
		{6B5E0AE3-02F8-4DE9-811D-58E2625B596A}.Release|Any CPU.Build.0 = Release|Any CPU
		{6A7F162F-64D1-4675-8473-481B9641E38F}.Debug|Any CPU.ActiveCfg = Debug|Any CPU
		{6A7F162F-64D1-4675-8473-481B9641E38F}.Debug|Any CPU.Build.0 = Debug|Any CPU
		{6A7F162F-64D1-4675-8473-481B9641E38F}.Release|Any CPU.ActiveCfg = Release|Any CPU
		{6A7F162F-64D1-4675-8473-481B9641E38F}.Release|Any CPU.Build.0 = Release|Any CPU
		{F7E8954F-A60F-4B68-A02B-9F94277D5BA2}.Debug|Any CPU.ActiveCfg = Debug|Any CPU
		{F7E8954F-A60F-4B68-A02B-9F94277D5BA2}.Debug|Any CPU.Build.0 = Debug|Any CPU
		{F7E8954F-A60F-4B68-A02B-9F94277D5BA2}.Release|Any CPU.ActiveCfg = Release|Any CPU
		{F7E8954F-A60F-4B68-A02B-9F94277D5BA2}.Release|Any CPU.Build.0 = Release|Any CPU
		{8AA56F0F-F7F2-497B-8FE8-19B9FD9AD40A}.Debug|Any CPU.ActiveCfg = Debug|Any CPU
		{8AA56F0F-F7F2-497B-8FE8-19B9FD9AD40A}.Debug|Any CPU.Build.0 = Debug|Any CPU
		{8AA56F0F-F7F2-497B-8FE8-19B9FD9AD40A}.Release|Any CPU.ActiveCfg = Release|Any CPU
		{8AA56F0F-F7F2-497B-8FE8-19B9FD9AD40A}.Release|Any CPU.Build.0 = Release|Any CPU
		{FE0D51A9-5DD5-4FF9-8551-C4E31A4A7E15}.Debug|Any CPU.ActiveCfg = Debug|Any CPU
		{FE0D51A9-5DD5-4FF9-8551-C4E31A4A7E15}.Debug|Any CPU.Build.0 = Debug|Any CPU
		{FE0D51A9-5DD5-4FF9-8551-C4E31A4A7E15}.Release|Any CPU.ActiveCfg = Release|Any CPU
		{FE0D51A9-5DD5-4FF9-8551-C4E31A4A7E15}.Release|Any CPU.Build.0 = Release|Any CPU
		{3B526A0D-9594-4159-B8E7-59928A64095E}.Debug|Any CPU.ActiveCfg = Debug|Any CPU
		{3B526A0D-9594-4159-B8E7-59928A64095E}.Debug|Any CPU.Build.0 = Debug|Any CPU
		{3B526A0D-9594-4159-B8E7-59928A64095E}.Release|Any CPU.ActiveCfg = Release|Any CPU
		{3B526A0D-9594-4159-B8E7-59928A64095E}.Release|Any CPU.Build.0 = Release|Any CPU
		{D5821978-885C-4D82-8446-9A21E782FB2F}.Debug|Any CPU.ActiveCfg = Debug|Any CPU
		{D5821978-885C-4D82-8446-9A21E782FB2F}.Debug|Any CPU.Build.0 = Debug|Any CPU
		{D5821978-885C-4D82-8446-9A21E782FB2F}.Release|Any CPU.ActiveCfg = Release|Any CPU
		{D5821978-885C-4D82-8446-9A21E782FB2F}.Release|Any CPU.Build.0 = Release|Any CPU
		{750C893B-DAFE-459C-B1D7-1A1B62BBC486}.Debug|Any CPU.ActiveCfg = Debug|Any CPU
		{750C893B-DAFE-459C-B1D7-1A1B62BBC486}.Debug|Any CPU.Build.0 = Debug|Any CPU
		{750C893B-DAFE-459C-B1D7-1A1B62BBC486}.Release|Any CPU.ActiveCfg = Release|Any CPU
		{750C893B-DAFE-459C-B1D7-1A1B62BBC486}.Release|Any CPU.Build.0 = Release|Any CPU
		{C9CFFF58-886E-4E15-A7DB-AC469D5DF7D5}.Debug|Any CPU.ActiveCfg = Debug|Any CPU
		{C9CFFF58-886E-4E15-A7DB-AC469D5DF7D5}.Debug|Any CPU.Build.0 = Debug|Any CPU
		{C9CFFF58-886E-4E15-A7DB-AC469D5DF7D5}.Release|Any CPU.ActiveCfg = Release|Any CPU
		{C9CFFF58-886E-4E15-A7DB-AC469D5DF7D5}.Release|Any CPU.Build.0 = Release|Any CPU
	EndGlobalSection
	GlobalSection(SolutionProperties) = preSolution
		HideSolutionNode = FALSE
	EndGlobalSection
	GlobalSection(NestedProjects) = preSolution
		{B4F4C2B9-5155-4E19-9DBC-BE0B152F409D} = {2320918A-6075-4D1A-B3FB-EE414D0AD5CC}
		{6ADE9F05-CD42-4D14-8BD0-94609FBAF88A} = {2320918A-6075-4D1A-B3FB-EE414D0AD5CC}
		{E2A344EF-EFB6-467C-8B7C-E9C24109B814} = {5CFAF073-74FC-453B-8FD6-CE87A9451854}
		{54C75F17-541C-4118-9851-13F738A40478} = {5CFAF073-74FC-453B-8FD6-CE87A9451854}
		{7450C1BE-72DC-4F4D-B64E-532EE2575D84} = {5CFAF073-74FC-453B-8FD6-CE87A9451854}
		{EC9A5998-2A1E-4256-B72D-58F30303D207} = {5CFAF073-74FC-453B-8FD6-CE87A9451854}
		{305C0E47-509D-4FD1-867A-0AF290485921} = {5CFAF073-74FC-453B-8FD6-CE87A9451854}
		{0B1F58F4-2D35-4DCE-BC42-5168947A9FEF} = {5CFAF073-74FC-453B-8FD6-CE87A9451854}
		{F1BB4E1C-6686-4D6E-9F07-D96FDA777028} = {2320918A-6075-4D1A-B3FB-EE414D0AD5CC}
		{E44033BD-928F-4225-9511-0F8E687570FD} = {5CFAF073-74FC-453B-8FD6-CE87A9451854}
		{F3690DBA-0E8E-4017-AA5B-2692F94D4194} = {5CFAF073-74FC-453B-8FD6-CE87A9451854}
		{54BBDE09-53A2-4468-80F4-B0B9B8E88C3B} = {0037B172-E04C-4664-A959-0B4F1E11834E}
		{C6B60418-3CF7-4474-8090-21731206AA85} = {0037B172-E04C-4664-A959-0B4F1E11834E}
		{71334CE9-DFC5-429B-B983-7D54ECC7470A} = {0037B172-E04C-4664-A959-0B4F1E11834E}
		{989D4734-63C2-4870-9D92-631C27310FA2} = {2320918A-6075-4D1A-B3FB-EE414D0AD5CC}
		{3D975107-CAFD-456B-92EB-937AD5B0638C} = {0037B172-E04C-4664-A959-0B4F1E11834E}
		{3F038F50-B796-4A71-820D-ACEAA5AF3C87} = {0037B172-E04C-4664-A959-0B4F1E11834E}
		{71A746AE-55BE-49F3-ABB6-14BE53C5C159} = {5CFAF073-74FC-453B-8FD6-CE87A9451854}
		{163AD53A-270B-411E-AC2B-AED4A74D9D8B} = {2320918A-6075-4D1A-B3FB-EE414D0AD5CC}
		{8327C6DA-9DBF-4FAB-BC48-7999FFEBAB2E} = {E37C6ADE-4404-4260-9211-4CE54EF78D71}
		{AC53A880-3068-4D87-81F9-80E6247575EF} = {E37C6ADE-4404-4260-9211-4CE54EF78D71}
		{BAA4C7D4-D8BA-463C-9BB7-ED5DB2B46A2F} = {E37C6ADE-4404-4260-9211-4CE54EF78D71}
		{63149CA8-D772-47AD-87C3-A51D62B4DDAD} = {3B89F3EC-AFB6-4BA3-BABA-53E9DBF247CD}
		{49A5D054-EFEF-4FC6-84D7-5EAE115882CF} = {3B89F3EC-AFB6-4BA3-BABA-53E9DBF247CD}
		{22A9315C-BC74-47F0-9F14-7CFD6CEA536A} = {3B89F3EC-AFB6-4BA3-BABA-53E9DBF247CD}
		{2F8F5A16-ADF8-44E4-BAF8-3C37FF186D92} = {3B89F3EC-AFB6-4BA3-BABA-53E9DBF247CD}
		{D734510B-0528-4FAC-8C10-985B60449EB8} = {3B89F3EC-AFB6-4BA3-BABA-53E9DBF247CD}
		{2532CEC3-DE27-4E23-BE6A-BE87D891DB11} = {3B89F3EC-AFB6-4BA3-BABA-53E9DBF247CD}
		{2D9F90EF-B06F-4B5A-914E-238B167065A2} = {3B89F3EC-AFB6-4BA3-BABA-53E9DBF247CD}
		{E3DCE1D2-F584-4887-A42B-6349E59C523F} = {1C7537B0-B9FA-4747-9166-23B9B22FDB5F}
		{37324626-DF85-41A8-AFBC-CEE08AC5BB13} = {1C7537B0-B9FA-4747-9166-23B9B22FDB5F}
		{789DE1F2-1E2C-4526-8153-EF0E4CFEAFB3} = {1C7537B0-B9FA-4747-9166-23B9B22FDB5F}
		{4A808D26-2347-4431-878B-97C855D0AB6A} = {B9344DC5-851F-4457-B20A-139A4B321A82}
		{A5E0EBAE-096C-423F-BD11-C4401FF00364} = {B9344DC5-851F-4457-B20A-139A4B321A82}
		{D11195D5-6646-41CA-AA2E-543A83EF7898} = {73A5D209-B99F-4DA5-9697-2FE11A20FB68}
		{BF0E7546-20AC-401F-A491-7E749D03F8D3} = {73A5D209-B99F-4DA5-9697-2FE11A20FB68}
		{17453F24-6100-42CA-8104-E6465C68EE27} = {C32EA474-B974-48B3-9F9D-09EC47201CED}
		{D09C0339-BA25-424D-AE8A-3E3EB5DC79A3} = {C32EA474-B974-48B3-9F9D-09EC47201CED}
		{F0193495-6C68-4F65-B7F6-462FF3582092} = {C32EA474-B974-48B3-9F9D-09EC47201CED}
		{0875C690-1943-44A8-A2E4-FF86AD9751FE} = {C32EA474-B974-48B3-9F9D-09EC47201CED}
		{F5133F9D-01ED-4B6D-B89E-1F6A20545DA1} = {73A5D209-B99F-4DA5-9697-2FE11A20FB68}
		{30C9DA79-9591-424D-9DCF-CD24A452E1C2} = {73A5D209-B99F-4DA5-9697-2FE11A20FB68}
		{FFFC33B1-8E35-43DC-AE86-AF22C9281C6F} = {73A5D209-B99F-4DA5-9697-2FE11A20FB68}
		{A4A3111B-9279-48ED-AD06-105D67F4A583} = {73A5D209-B99F-4DA5-9697-2FE11A20FB68}
		{2D6CCA4F-10EC-45FE-97AA-390B8CB911F3} = {73A5D209-B99F-4DA5-9697-2FE11A20FB68}
		{1D2DAA82-7794-4207-9CE1-F22BAA9B2F39} = {73A5D209-B99F-4DA5-9697-2FE11A20FB68}
		{3C1C2C11-ABDF-46D7-862A-56D352184039} = {73A5D209-B99F-4DA5-9697-2FE11A20FB68}
		{5E3BC1FB-FCCB-4E5A-BF0F-920A70F0DC67} = {73A5D209-B99F-4DA5-9697-2FE11A20FB68}
		{B1F9EF87-BC23-4E4D-8FB1-2EC987B5A6D2} = {73A5D209-B99F-4DA5-9697-2FE11A20FB68}
		{6B5E0AE3-02F8-4DE9-811D-58E2625B596A} = {2754E633-148F-4AF3-9722-0FAD8FCFC501}
		{6A7F162F-64D1-4675-8473-481B9641E38F} = {2754E633-148F-4AF3-9722-0FAD8FCFC501}
		{F7E8954F-A60F-4B68-A02B-9F94277D5BA2} = {2754E633-148F-4AF3-9722-0FAD8FCFC501}
		{8AA56F0F-F7F2-497B-8FE8-19B9FD9AD40A} = {2754E633-148F-4AF3-9722-0FAD8FCFC501}
		{FE0D51A9-5DD5-4FF9-8551-C4E31A4A7E15} = {2754E633-148F-4AF3-9722-0FAD8FCFC501}
		{3B526A0D-9594-4159-B8E7-59928A64095E} = {2754E633-148F-4AF3-9722-0FAD8FCFC501}
	EndGlobalSection
	GlobalSection(ExtensibilityGlobals) = postSolution
		SolutionGuid = {8EA0F92C-6CBE-4176-8BF2-7816E7536B17}
	EndGlobalSection
EndGlobal
