
Microsoft Visual Studio Solution File, Format Version 12.00
# Visual Studio Version 17
VisualStudioVersion = 17.8.34330.188
MinimumVisualStudioVersion = 10.0.40219.1
Project("{9A19103F-16F7-4668-BE54-9A1E7A4F7556}") = "Primera_Clase", "Primera_Clase\Primera_Clase.csproj", "{B4F4C2B9-5155-4E19-9DBC-BE0B152F409D}"
EndProject
Project("{FAE04EC0-301F-11D3-BF4B-00C04F79EFBC}") = "RepasoCondicionales", "RepasoCondicionales\RepasoCondicionales.csproj", "{6ADE9F05-CD42-4D14-8BD0-94609FBAF88A}"
EndProject
Global
	GlobalSection(SolutionConfigurationPlatforms) = preSolution
		Debug|Any CPU = Debug|Any CPU
		Release|Any CPU = Release|Any CPU
	EndGlobalSection
	GlobalSection(ProjectConfigurationPlatforms) = postSolution
		{B4F4C2B9-5155-4E19-9DBC-BE0B152F409D}.Debug|Any CPU.ActiveCfg = Debug|Any CPU
		{B4F4C2B9-5155-4E19-9DBC-BE0B152F409D}.Debug|Any CPU.Build.0 = Debug|Any CPU
		{B4F4C2B9-5155-4E19-9DBC-BE0B152F409D}.Release|Any CPU.ActiveCfg = Release|Any CPU
		{B4F4C2B9-5155-4E19-9DBC-BE0B152F409D}.Release|Any CPU.Build.0 = Release|Any CPU
		{6ADE9F05-CD42-4D14-8BD0-94609FBAF88A}.Debug|Any CPU.ActiveCfg = Debug|Any CPU
		{6ADE9F05-CD42-4D14-8BD0-94609FBAF88A}.Debug|Any CPU.Build.0 = Debug|Any CPU
		{6ADE9F05-CD42-4D14-8BD0-94609FBAF88A}.Release|Any CPU.ActiveCfg = Release|Any CPU
		{6ADE9F05-CD42-4D14-8BD0-94609FBAF88A}.Release|Any CPU.Build.0 = Release|Any CPU
	EndGlobalSection
	GlobalSection(SolutionProperties) = preSolution
		HideSolutionNode = FALSE
	EndGlobalSection
	GlobalSection(ExtensibilityGlobals) = postSolution
		SolutionGuid = {8EA0F92C-6CBE-4176-8BF2-7816E7536B17}
	EndGlobalSection
EndGlobal
